
Microsoft Visual Studio Solution File, Format Version 12.00
Project("{FAE04EC0-301F-11D3-BF4B-00C04F79EFBC}") = "ElsaServerBugDemo", "ElsaServerBugDemo.csproj", "{07493A12-F4D0-4CAF-B5E3-E006E4E930A8}"
EndProject
Global
	GlobalSection(SolutionConfigurationPlatforms) = preSolution
		Debug|Any CPU = Debug|Any CPU
		Release|Any CPU = Release|Any CPU
	EndGlobalSection
	GlobalSection(ProjectConfigurationPlatforms) = postSolution
		{07493A12-F4D0-4CAF-B5E3-E006E4E930A8}.Debug|Any CPU.ActiveCfg = Debug|Any CPU
		{07493A12-F4D0-4CAF-B5E3-E006E4E930A8}.Debug|Any CPU.Build.0 = Debug|Any CPU
		{07493A12-F4D0-4CAF-B5E3-E006E4E930A8}.Release|Any CPU.ActiveCfg = Release|Any CPU
		{07493A12-F4D0-4CAF-B5E3-E006E4E930A8}.Release|Any CPU.Build.0 = Release|Any CPU
	EndGlobalSection
EndGlobal
